
Microsoft Visual Studio Solution File, Format Version 12.00
# Visual Studio Version 17
VisualStudioVersion = 17.3.32825.248
MinimumVisualStudioVersion = 10.0.40219.1
Project("{FAE04EC0-301F-11D3-BF4B-00C04F79EFBC}") = "StudentClassLibrary", "StudentClassLibrary\StudentClassLibrary.csproj", "{63020E6D-95D0-4A4C-BA4B-3BAA0432F765}"
EndProject
Global
	GlobalSection(SolutionConfigurationPlatforms) = preSolution
		Debug|Any CPU = Debug|Any CPU
		Release|Any CPU = Release|Any CPU
	EndGlobalSection
	GlobalSection(ProjectConfigurationPlatforms) = postSolution
		{63020E6D-95D0-4A4C-BA4B-3BAA0432F765}.Debug|Any CPU.ActiveCfg = Debug|Any CPU
		{63020E6D-95D0-4A4C-BA4B-3BAA0432F765}.Debug|Any CPU.Build.0 = Debug|Any CPU
		{63020E6D-95D0-4A4C-BA4B-3BAA0432F765}.Release|Any CPU.ActiveCfg = Release|Any CPU
		{63020E6D-95D0-4A4C-BA4B-3BAA0432F765}.Release|Any CPU.Build.0 = Release|Any CPU
	EndGlobalSection
	GlobalSection(SolutionProperties) = preSolution
		HideSolutionNode = FALSE
	EndGlobalSection
	GlobalSection(ExtensibilityGlobals) = postSolution
		SolutionGuid = {6EFDBADB-41FB-48FC-955A-59411F31FABA}
	EndGlobalSection
EndGlobal
